
Microsoft Visual Studio Solution File, Format Version 12.00
# Visual Studio 15
Project("{FAE04EC0-301F-11D3-BF4B-00C04F79EFBC}") = "Assembly-CSharp", "Assembly-CSharp.csproj", "{3040602A-2145-0529-3BFF-5E21EA850879}"
EndProject
Project("{FAE04EC0-301F-11D3-BF4B-00C04F79EFBC}") = "Unity.XR.Interaction.Toolkit.Samples.StarterAssets", "Unity.XR.Interaction.Toolkit.Samples.StarterAssets.csproj", "{DC522410-4352-8E23-CFE1-1516FC93E5C9}"
EndProject
Project("{FAE04EC0-301F-11D3-BF4B-00C04F79EFBC}") = "Assembly-CSharp-Editor", "Assembly-CSharp-Editor.csproj", "{7578CDE9-42F3-9A34-0AFC-0C65A6FA21DA}"
EndProject
Project("{FAE04EC0-301F-11D3-BF4B-00C04F79EFBC}") = "Unity.XR.Interaction.Toolkit.Samples.DeviceSimulator", "Unity.XR.Interaction.Toolkit.Samples.DeviceSimulator.csproj", "{63CE2AD6-D485-E808-B0E3-1DDEF8851720}"
EndProject
Project("{FAE04EC0-301F-11D3-BF4B-00C04F79EFBC}") = "Unity.XR.Interaction.Toolkit.Samples.StarterAssets.Editor", "Unity.XR.Interaction.Toolkit.Samples.StarterAssets.Editor.csproj", "{75A105EF-82A2-5DDA-BA82-7B57F264DA3C}"
EndProject
Global
	GlobalSection(SolutionConfigurationPlatforms) = preSolution
		Debug|Any CPU = Debug|Any CPU
		Release|Any CPU = Release|Any CPU
	EndGlobalSection
	GlobalSection(ProjectConfigurationPlatforms) = postSolution
		{3040602A-2145-0529-3BFF-5E21EA850879}.Debug|Any CPU.ActiveCfg = Debug|Any CPU
		{3040602A-2145-0529-3BFF-5E21EA850879}.Debug|Any CPU.Build.0 = Debug|Any CPU
		{3040602A-2145-0529-3BFF-5E21EA850879}.Release|Any CPU.ActiveCfg = Release|Any CPU
		{3040602A-2145-0529-3BFF-5E21EA850879}.Release|Any CPU.Build.0 = Release|Any CPU
		{DC522410-4352-8E23-CFE1-1516FC93E5C9}.Debug|Any CPU.ActiveCfg = Debug|Any CPU
		{DC522410-4352-8E23-CFE1-1516FC93E5C9}.Debug|Any CPU.Build.0 = Debug|Any CPU
		{DC522410-4352-8E23-CFE1-1516FC93E5C9}.Release|Any CPU.ActiveCfg = Release|Any CPU
		{DC522410-4352-8E23-CFE1-1516FC93E5C9}.Release|Any CPU.Build.0 = Release|Any CPU
		{7578CDE9-42F3-9A34-0AFC-0C65A6FA21DA}.Debug|Any CPU.ActiveCfg = Debug|Any CPU
		{7578CDE9-42F3-9A34-0AFC-0C65A6FA21DA}.Debug|Any CPU.Build.0 = Debug|Any CPU
		{7578CDE9-42F3-9A34-0AFC-0C65A6FA21DA}.Release|Any CPU.ActiveCfg = Release|Any CPU
		{7578CDE9-42F3-9A34-0AFC-0C65A6FA21DA}.Release|Any CPU.Build.0 = Release|Any CPU
		{63CE2AD6-D485-E808-B0E3-1DDEF8851720}.Debug|Any CPU.ActiveCfg = Debug|Any CPU
		{63CE2AD6-D485-E808-B0E3-1DDEF8851720}.Debug|Any CPU.Build.0 = Debug|Any CPU
		{63CE2AD6-D485-E808-B0E3-1DDEF8851720}.Release|Any CPU.ActiveCfg = Release|Any CPU
		{63CE2AD6-D485-E808-B0E3-1DDEF8851720}.Release|Any CPU.Build.0 = Release|Any CPU
		{75A105EF-82A2-5DDA-BA82-7B57F264DA3C}.Debug|Any CPU.ActiveCfg = Debug|Any CPU
		{75A105EF-82A2-5DDA-BA82-7B57F264DA3C}.Debug|Any CPU.Build.0 = Debug|Any CPU
		{75A105EF-82A2-5DDA-BA82-7B57F264DA3C}.Release|Any CPU.ActiveCfg = Release|Any CPU
		{75A105EF-82A2-5DDA-BA82-7B57F264DA3C}.Release|Any CPU.Build.0 = Release|Any CPU
	EndGlobalSection
	GlobalSection(SolutionProperties) = preSolution
		HideSolutionNode = FALSE
	EndGlobalSection
EndGlobal
